
Microsoft Visual Studio Solution File, Format Version 12.00
# Visual Studio Version 17
VisualStudioVersion = 17.14.36202.13
MinimumVisualStudioVersion = 10.0.40219.1
Project("{FAE04EC0-301F-11D3-BF4B-00C04F79EFBC}") = "DyeDurhamSorter", "DyeDurhamSorter\DyeDurhamSorter.csproj", "{1842652C-0EDF-407E-B31A-478549653CF6}"
EndProject
Project("{FAE04EC0-301F-11D3-BF4B-00C04F79EFBC}") = "DyeDurhamConsole", "DyeDurhamConsole\DyeDurhamConsole.csproj", "{2E85222D-C510-E25A-D135-694876818A14}"
EndProject
Project("{FAE04EC0-301F-11D3-BF4B-00C04F79EFBC}") = "DyeDurhamSortTests", "DyeDurhamSortTests\DyeDurhamSortTests.csproj", "{F578D4AC-03B7-4B6D-B53A-BBEFFB2609FF}"
EndProject
Global
	GlobalSection(SolutionConfigurationPlatforms) = preSolution
		Debug|Any CPU = Debug|Any CPU
		Release|Any CPU = Release|Any CPU
	EndGlobalSection
	GlobalSection(ProjectConfigurationPlatforms) = postSolution
		{1842652C-0EDF-407E-B31A-478549653CF6}.Debug|Any CPU.ActiveCfg = Debug|Any CPU
		{1842652C-0EDF-407E-B31A-478549653CF6}.Debug|Any CPU.Build.0 = Debug|Any CPU
		{1842652C-0EDF-407E-B31A-478549653CF6}.Release|Any CPU.ActiveCfg = Release|Any CPU
		{1842652C-0EDF-407E-B31A-478549653CF6}.Release|Any CPU.Build.0 = Release|Any CPU
		{2E85222D-C510-E25A-D135-694876818A14}.Debug|Any CPU.ActiveCfg = Debug|Any CPU
		{2E85222D-C510-E25A-D135-694876818A14}.Debug|Any CPU.Build.0 = Debug|Any CPU
		{2E85222D-C510-E25A-D135-694876818A14}.Release|Any CPU.ActiveCfg = Release|Any CPU
		{2E85222D-C510-E25A-D135-694876818A14}.Release|Any CPU.Build.0 = Release|Any CPU
		{F578D4AC-03B7-4B6D-B53A-BBEFFB2609FF}.Debug|Any CPU.ActiveCfg = Debug|Any CPU
		{F578D4AC-03B7-4B6D-B53A-BBEFFB2609FF}.Debug|Any CPU.Build.0 = Debug|Any CPU
		{F578D4AC-03B7-4B6D-B53A-BBEFFB2609FF}.Release|Any CPU.ActiveCfg = Release|Any CPU
		{F578D4AC-03B7-4B6D-B53A-BBEFFB2609FF}.Release|Any CPU.Build.0 = Release|Any CPU
	EndGlobalSection
	GlobalSection(SolutionProperties) = preSolution
		HideSolutionNode = FALSE
	EndGlobalSection
	GlobalSection(ExtensibilityGlobals) = postSolution
		SolutionGuid = {A19D906F-107C-4E7E-8022-DA77675D6FED}
	EndGlobalSection
EndGlobal
